
Microsoft Visual Studio Solution File, Format Version 12.00
# Visual Studio Version 16
VisualStudioVersion = 16.0.31105.61
MinimumVisualStudioVersion = 10.0.40219.1
Project("{FAE04EC0-301F-11D3-BF4B-00C04F79EFBC}") = "GamePuzzle", "GamePuzzle.csproj", "{5252DF55-17C5-4A85-B4F6-E895424C5AAD}"
EndProject
Global
	GlobalSection(SolutionConfigurationPlatforms) = preSolution
		Debug|Any CPU = Debug|Any CPU
		Release|Any CPU = Release|Any CPU
	EndGlobalSection
	GlobalSection(ProjectConfigurationPlatforms) = postSolution
		{5252DF55-17C5-4A85-B4F6-E895424C5AAD}.Debug|Any CPU.ActiveCfg = Debug|Any CPU
		{5252DF55-17C5-4A85-B4F6-E895424C5AAD}.Debug|Any CPU.Build.0 = Debug|Any CPU
		{5252DF55-17C5-4A85-B4F6-E895424C5AAD}.Release|Any CPU.ActiveCfg = Release|Any CPU
		{5252DF55-17C5-4A85-B4F6-E895424C5AAD}.Release|Any CPU.Build.0 = Release|Any CPU
	EndGlobalSection
	GlobalSection(SolutionProperties) = preSolution
		HideSolutionNode = FALSE
	EndGlobalSection
	GlobalSection(ExtensibilityGlobals) = postSolution
		SolutionGuid = {56188C08-916F-4363-BC6F-7E1B3E22685E}
	EndGlobalSection
EndGlobal
